
Microsoft Visual Studio Solution File, Format Version 12.00
# Visual Studio Version 17
VisualStudioVersion = 17.14.36327.8
MinimumVisualStudioVersion = 10.0.40219.1
Project("{FAE04EC0-301F-11D3-BF4B-00C04F79EFBC}") = "GoGetOffer.ApiGateway.Solution", "GoGetOffer.ApiGateway.Solution\GoGetOffer.ApiGateway.Solution.csproj", "{53627702-A701-4B15-B4EF-DBF2E62EFBF5}"
EndProject
Project("{FAE04EC0-301F-11D3-BF4B-00C04F79EFBC}") = "GoGetOffer.SharedLibrarySolution", "..\GoGetOffer.SharedLibrarySolution\GoGetOffer.SharedLibrarySolution\GoGetOffer.SharedLibrarySolution.csproj", "{664865EE-6B62-A1B6-059F-D9B28DC2EB0E}"
EndProject
Global
	GlobalSection(SolutionConfigurationPlatforms) = preSolution
		Debug|Any CPU = Debug|Any CPU
		Release|Any CPU = Release|Any CPU
	EndGlobalSection
	GlobalSection(ProjectConfigurationPlatforms) = postSolution
		{53627702-A701-4B15-B4EF-DBF2E62EFBF5}.Debug|Any CPU.ActiveCfg = Debug|Any CPU
		{53627702-A701-4B15-B4EF-DBF2E62EFBF5}.Debug|Any CPU.Build.0 = Debug|Any CPU
		{53627702-A701-4B15-B4EF-DBF2E62EFBF5}.Release|Any CPU.ActiveCfg = Release|Any CPU
		{53627702-A701-4B15-B4EF-DBF2E62EFBF5}.Release|Any CPU.Build.0 = Release|Any CPU
		{664865EE-6B62-A1B6-059F-D9B28DC2EB0E}.Debug|Any CPU.ActiveCfg = Debug|Any CPU
		{664865EE-6B62-A1B6-059F-D9B28DC2EB0E}.Debug|Any CPU.Build.0 = Debug|Any CPU
		{664865EE-6B62-A1B6-059F-D9B28DC2EB0E}.Release|Any CPU.ActiveCfg = Release|Any CPU
		{664865EE-6B62-A1B6-059F-D9B28DC2EB0E}.Release|Any CPU.Build.0 = Release|Any CPU
	EndGlobalSection
	GlobalSection(SolutionProperties) = preSolution
		HideSolutionNode = FALSE
	EndGlobalSection
	GlobalSection(ExtensibilityGlobals) = postSolution
		SolutionGuid = {CD4F081C-A284-4187-A801-EF0CB9D8C9F0}
	EndGlobalSection
EndGlobal
